
Microsoft Visual Studio Solution File, Format Version 12.00
# Visual Studio Version 17
VisualStudioVersion = 17.14.36518.9 d17.14
MinimumVisualStudioVersion = 10.0.40219.1
Project("{FAE04EC0-301F-11D3-BF4B-00C04F79EFBC}") = "ev_2", "ev_2\ev_2.csproj", "{B950AC76-3D8B-4CD7-B158-9FE5CCC01F83}"
EndProject
Global
	GlobalSection(SolutionConfigurationPlatforms) = preSolution
		Debug|Any CPU = Debug|Any CPU
		Release|Any CPU = Release|Any CPU
	EndGlobalSection
	GlobalSection(ProjectConfigurationPlatforms) = postSolution
		{B950AC76-3D8B-4CD7-B158-9FE5CCC01F83}.Debug|Any CPU.ActiveCfg = Debug|Any CPU
		{B950AC76-3D8B-4CD7-B158-9FE5CCC01F83}.Debug|Any CPU.Build.0 = Debug|Any CPU
		{B950AC76-3D8B-4CD7-B158-9FE5CCC01F83}.Release|Any CPU.ActiveCfg = Release|Any CPU
		{B950AC76-3D8B-4CD7-B158-9FE5CCC01F83}.Release|Any CPU.Build.0 = Release|Any CPU
	EndGlobalSection
	GlobalSection(SolutionProperties) = preSolution
		HideSolutionNode = FALSE
	EndGlobalSection
	GlobalSection(ExtensibilityGlobals) = postSolution
		SolutionGuid = {6E7A6127-A230-41EC-A171-21883D1F027A}
	EndGlobalSection
EndGlobal
